Microsoft Visual Studio Solution File, Format Version 12.00
# Visual Studio 2012
Project("{8BC9CEB8-8B4A-11D0-8D11-00A0C91BC942}") = "Logicl32", "MMLogic.vcxproj", "{6F8FE140-C46C-46A1-9E5A-EE8C17516DAA}"
EndProject
Global
	GlobalSection(SolutionConfigurationPlatforms) = preSolution
		Debug|Win32 = Debug|Win32
		Release|Win32 = Release|Win32
	EndGlobalSection
	GlobalSection(ProjectConfigurationPlatforms) = postSolution
		{6F8FE140-C46C-46A1-9E5A-EE8C17516DAA}.Debug|Win32.ActiveCfg = Debug|Win32
		{6F8FE140-C46C-46A1-9E5A-EE8C17516DAA}.Debug|Win32.Build.0 = Debug|Win32
		{6F8FE140-C46C-46A1-9E5A-EE8C17516DAA}.Release|Win32.ActiveCfg = Release|Win32
		{6F8FE140-C46C-46A1-9E5A-EE8C17516DAA}.Release|Win32.Build.0 = Release|Win32
	EndGlobalSection
	GlobalSection(SolutionProperties) = preSolution
		HideSolutionNode = FALSE
	EndGlobalSection
EndGlobal
